
Microsoft Visual Studio Solution File, Format Version 12.00
# Visual Studio Version 17
VisualStudioVersion = 17.0.32112.339
MinimumVisualStudioVersion = 10.0.40219.1
Project("{FAE04EC0-301F-11D3-BF4B-00C04F79EFBC}") = "Challengue.API", "Challengue.API\Challengue.API.csproj", "{50F4F347-91AE-496A-BBC7-D16246D96655}"
EndProject
Global
	GlobalSection(SolutionConfigurationPlatforms) = preSolution
		Debug|Any CPU = Debug|Any CPU
		Release|Any CPU = Release|Any CPU
	EndGlobalSection
	GlobalSection(ProjectConfigurationPlatforms) = postSolution
		{50F4F347-91AE-496A-BBC7-D16246D96655}.Debug|Any CPU.ActiveCfg = Debug|Any CPU
		{50F4F347-91AE-496A-BBC7-D16246D96655}.Debug|Any CPU.Build.0 = Debug|Any CPU
		{50F4F347-91AE-496A-BBC7-D16246D96655}.Release|Any CPU.ActiveCfg = Release|Any CPU
		{50F4F347-91AE-496A-BBC7-D16246D96655}.Release|Any CPU.Build.0 = Release|Any CPU
	EndGlobalSection
	GlobalSection(SolutionProperties) = preSolution
		HideSolutionNode = FALSE
	EndGlobalSection
	GlobalSection(ExtensibilityGlobals) = postSolution
		SolutionGuid = {AB969E76-3172-414B-B0F0-95E6C829B0FE}
	EndGlobalSection
EndGlobal
